{
  "name": "zenn-public",
  "version": "1.0.0",
  "lockfileVersion": 2,
  "requires": true,
  "packages": {
    "": {
      "name": "zenn-public",
      "version": "1.0.0",
      "license": "ISC",
      "dependencies": {
        "date-fns": "^3.6.0",
        "zenn-cli": "^0.2.1"
      }
    },
    "node_modules/date-fns": {
      "version": "3.6.0",
      "resolved": "https://registry.npmjs.org/date-fns/-/date-fns-3.6.0.tgz",
      "integrity": "sha512-fRHTG8g/Gif+kSh50gaGEdToemgfj74aRX3swtiouboip5JDLAyDE9F11nHMIcvOaXeOC6D7SpNhi7uFyB7Uww==",
      "funding": {
        "type": "github",
        "url": "https://github.com/sponsors/kossnocorp"
      }
    },
    "node_modules/zenn-cli": {
      "version": "0.2.1",
      "resolved": "https://registry.npmjs.org/zenn-cli/-/zenn-cli-0.2.1.tgz",
      "integrity": "sha512-8ipbiIHOGIK1Gp1ifNi4rKY3+YohcXCrQCuz6w78OQ532WoU2xMiV0hFWRR/obmuPYwbiGWd/Xt/A4tYCaOHTA==",
      "license": "MIT",
      "bin": {
        "zenn": "dist/server/zenn.js"
      },
      "engines": {
        "node": ">=14.0.0"
      }
    }
  },
  "dependencies": {
    "date-fns": {
      "version": "3.6.0",
      "resolved": "https://registry.npmjs.org/date-fns/-/date-fns-3.6.0.tgz",
      "integrity": "sha512-fRHTG8g/Gif+kSh50gaGEdToemgfj74aRX3swtiouboip5JDLAyDE9F11nHMIcvOaXeOC6D7SpNhi7uFyB7Uww=="
    },
    "zenn-cli": {
      "version": "0.2.1",
      "resolved": "https://registry.npmjs.org/zenn-cli/-/zenn-cli-0.2.1.tgz",
      "integrity": "sha512-8ipbiIHOGIK1Gp1ifNi4rKY3+YohcXCrQCuz6w78OQ532WoU2xMiV0hFWRR/obmuPYwbiGWd/Xt/A4tYCaOHTA=="
    }
  }
}
