{
  "name": "zenn-public",
  "version": "1.0.0",
  "lockfileVersion": 2,
  "requires": true,
  "packages": {
    "": {
      "name": "zenn-public",
      "version": "1.0.0",
      "license": "ISC",
      "dependencies": {
        "date-fns": "^3.6.0",
        "zenn-cli": "^0.1.157"
      }
    },
    "node_modules/date-fns": {
      "version": "3.6.0",
      "resolved": "https://registry.npmjs.org/date-fns/-/date-fns-3.6.0.tgz",
      "integrity": "sha512-fRHTG8g/Gif+kSh50gaGEdToemgfj74aRX3swtiouboip5JDLAyDE9F11nHMIcvOaXeOC6D7SpNhi7uFyB7Uww==",
      "funding": {
        "type": "github",
        "url": "https://github.com/sponsors/kossnocorp"
      }
    },
    "node_modules/zenn-cli": {
      "version": "0.1.157",
      "resolved": "https://registry.npmjs.org/zenn-cli/-/zenn-cli-0.1.157.tgz",
      "integrity": "sha512-df1JPOwdf3r9dH3YvgiAzfPZllzSB140uXB3EaDtVvxGaDQ2pMsrqaHkhFM6TIAk5KkVX4afN3K4RUwL+S1gKw==",
      "license": "MIT",
      "bin": {
        "zenn": "dist/server/zenn.js"
      },
      "engines": {
        "node": ">=14.0.0"
      }
    }
  },
  "dependencies": {
    "date-fns": {
      "version": "3.6.0",
      "resolved": "https://registry.npmjs.org/date-fns/-/date-fns-3.6.0.tgz",
      "integrity": "sha512-fRHTG8g/Gif+kSh50gaGEdToemgfj74aRX3swtiouboip5JDLAyDE9F11nHMIcvOaXeOC6D7SpNhi7uFyB7Uww=="
    },
    "zenn-cli": {
      "version": "0.1.157",
      "resolved": "https://registry.npmjs.org/zenn-cli/-/zenn-cli-0.1.157.tgz",
      "integrity": "sha512-df1JPOwdf3r9dH3YvgiAzfPZllzSB140uXB3EaDtVvxGaDQ2pMsrqaHkhFM6TIAk5KkVX4afN3K4RUwL+S1gKw=="
    }
  }
}
